
Microsoft Visual Studio Solution File, Format Version 12.00
# Visual Studio Version 17
VisualStudioVersion = 17.13.35931.197 d17.13
MinimumVisualStudioVersion = 10.0.40219.1
Project("{FAE04EC0-301F-11D3-BF4B-00C04F79EFBC}") = "Whitecrow_Enterprises", "Whitecrow_Enterprises\Whitecrow_Enterprises.csproj", "{EE74852B-1C22-4020-9A7E-1C7FCE5C24A0}"
EndProject
Global
	GlobalSection(SolutionConfigurationPlatforms) = preSolution
		Debug|Any CPU = Debug|Any CPU
		Release|Any CPU = Release|Any CPU
	EndGlobalSection
	GlobalSection(ProjectConfigurationPlatforms) = postSolution
		{EE74852B-1C22-4020-9A7E-1C7FCE5C24A0}.Debug|Any CPU.ActiveCfg = Debug|Any CPU
		{EE74852B-1C22-4020-9A7E-1C7FCE5C24A0}.Debug|Any CPU.Build.0 = Debug|Any CPU
		{EE74852B-1C22-4020-9A7E-1C7FCE5C24A0}.Release|Any CPU.ActiveCfg = Release|Any CPU
		{EE74852B-1C22-4020-9A7E-1C7FCE5C24A0}.Release|Any CPU.Build.0 = Release|Any CPU
	EndGlobalSection
	GlobalSection(SolutionProperties) = preSolution
		HideSolutionNode = FALSE
	EndGlobalSection
	GlobalSection(ExtensibilityGlobals) = postSolution
		SolutionGuid = {B706222A-B2BE-45F8-BB82-47482A3D89ED}
	EndGlobalSection
EndGlobal
